
Microsoft Visual Studio Solution File, Format Version 12.00
# Visual Studio 15
VisualStudioVersion = 15.0.27428.2043
MinimumVisualStudioVersion = 10.0.40219.1
Project("{FAE04EC0-301F-11D3-BF4B-00C04F79EFBC}") = "webapi", "webapi\webapi.csproj", "{D0AC876B-D2EB-4731-AFB3-555F28EA3E89}"
EndProject
Global
	GlobalSection(SolutionConfigurationPlatforms) = preSolution
		Debug|Any CPU = Debug|Any CPU
		Release|Any CPU = Release|Any CPU
	EndGlobalSection
	GlobalSection(ProjectConfigurationPlatforms) = postSolution
		{D0AC876B-D2EB-4731-AFB3-555F28EA3E89}.Debug|Any CPU.ActiveCfg = Debug|Any CPU
		{D0AC876B-D2EB-4731-AFB3-555F28EA3E89}.Debug|Any CPU.Build.0 = Debug|Any CPU
		{D0AC876B-D2EB-4731-AFB3-555F28EA3E89}.Release|Any CPU.ActiveCfg = Release|Any CPU
		{D0AC876B-D2EB-4731-AFB3-555F28EA3E89}.Release|Any CPU.Build.0 = Release|Any CPU
	EndGlobalSection
	GlobalSection(SolutionProperties) = preSolution
		HideSolutionNode = FALSE
	EndGlobalSection
	GlobalSection(ExtensibilityGlobals) = postSolution
		SolutionGuid = {7E5C074F-BD11-4957-A8D5-40784293CE22}
	EndGlobalSection
EndGlobal
